
Microsoft Visual Studio Solution File, Format Version 12.00
# Visual Studio 15
VisualStudioVersion = 15.0.27130.2010
MinimumVisualStudioVersion = 10.0.40219.1
Project("{8BC9CEB8-8B4A-11D0-8D11-00A0C91BC942}") = "排序算法", "排序算法\排序算法.vcxproj", "{E2BA7F0C-6FE1-4BD9-928F-3F2BCBD3F0A5}"
EndProject
Project("{8BC9CEB8-8B4A-11D0-8D11-00A0C91BC942}") = "线性表操作", "线性表操作\线性表操作.vcxproj", "{FF926CB9-0439-4DC4-A209-A2AA9AC42538}"
EndProject
Project("{8BC9CEB8-8B4A-11D0-8D11-00A0C91BC942}") = "稀疏矩阵", "矩阵和散列表\矩阵和散列表.vcxproj", "{6F4F1A3E-6C19-4BDE-9B4B-DF1B1915996B}"
EndProject
Project("{8BC9CEB8-8B4A-11D0-8D11-00A0C91BC942}") = "散列", "散列\散列.vcxproj", "{B91444D1-CC3D-4F0A-8C9C-83E73DC4DB2F}"
EndProject
Project("{8BC9CEB8-8B4A-11D0-8D11-00A0C91BC942}") = "计算数学表达式", "计算数学表达式\计算数学表达式.vcxproj", "{B2D09001-FFDC-4984-AED6-FED7046EAC2E}"
EndProject
Project("{8BC9CEB8-8B4A-11D0-8D11-00A0C91BC942}") = "迷宫", "迷宫\迷宫.vcxproj", "{8D5D1567-F0F2-4B3F-817B-7F639C6D1A64}"
EndProject
Project("{8BC9CEB8-8B4A-11D0-8D11-00A0C91BC942}") = "二叉树", "二叉树\二叉树.vcxproj", "{506D3645-46B1-4411-9429-E16F77F176CB}"
EndProject
Project("{8BC9CEB8-8B4A-11D0-8D11-00A0C91BC942}") = "堆", "堆\堆.vcxproj", "{B24C4017-5FBB-42F4-8974-749E273B684A}"
EndProject
Project("{8BC9CEB8-8B4A-11D0-8D11-00A0C91BC942}") = "霍夫曼树", "霍夫曼树\霍夫曼树.vcxproj", "{AEC5CA07-4C56-4634-B04A-A37C6EB9B5C1}"
EndProject
Global
	GlobalSection(SolutionConfigurationPlatforms) = preSolution
		Debug|Any CPU = Debug|Any CPU
		Debug|x64 = Debug|x64
		Debug|x86 = Debug|x86
		Release|Any CPU = Release|Any CPU
		Release|x64 = Release|x64
		Release|x86 = Release|x86
	EndGlobalSection
	GlobalSection(ProjectConfigurationPlatforms) = postSolution
		{E2BA7F0C-6FE1-4BD9-928F-3F2BCBD3F0A5}.Debug|Any CPU.ActiveCfg = Debug|Win32
		{E2BA7F0C-6FE1-4BD9-928F-3F2BCBD3F0A5}.Debug|x64.ActiveCfg = Debug|x64
		{E2BA7F0C-6FE1-4BD9-928F-3F2BCBD3F0A5}.Debug|x64.Build.0 = Debug|x64
		{E2BA7F0C-6FE1-4BD9-928F-3F2BCBD3F0A5}.Debug|x86.ActiveCfg = Debug|Win32
		{E2BA7F0C-6FE1-4BD9-928F-3F2BCBD3F0A5}.Debug|x86.Build.0 = Debug|Win32
		{E2BA7F0C-6FE1-4BD9-928F-3F2BCBD3F0A5}.Release|Any CPU.ActiveCfg = Release|Win32
		{E2BA7F0C-6FE1-4BD9-928F-3F2BCBD3F0A5}.Release|x64.ActiveCfg = Release|x64
		{E2BA7F0C-6FE1-4BD9-928F-3F2BCBD3F0A5}.Release|x64.Build.0 = Release|x64
		{E2BA7F0C-6FE1-4BD9-928F-3F2BCBD3F0A5}.Release|x86.ActiveCfg = Release|Win32
		{E2BA7F0C-6FE1-4BD9-928F-3F2BCBD3F0A5}.Release|x86.Build.0 = Release|Win32
		{FF926CB9-0439-4DC4-A209-A2AA9AC42538}.Debug|Any CPU.ActiveCfg = Debug|Win32
		{FF926CB9-0439-4DC4-A209-A2AA9AC42538}.Debug|x64.ActiveCfg = Debug|x64
		{FF926CB9-0439-4DC4-A209-A2AA9AC42538}.Debug|x64.Build.0 = Debug|x64
		{FF926CB9-0439-4DC4-A209-A2AA9AC42538}.Debug|x86.ActiveCfg = Debug|Win32
		{FF926CB9-0439-4DC4-A209-A2AA9AC42538}.Debug|x86.Build.0 = Debug|Win32
		{FF926CB9-0439-4DC4-A209-A2AA9AC42538}.Release|Any CPU.ActiveCfg = Release|Win32
		{FF926CB9-0439-4DC4-A209-A2AA9AC42538}.Release|x64.ActiveCfg = Release|x64
		{FF926CB9-0439-4DC4-A209-A2AA9AC42538}.Release|x64.Build.0 = Release|x64
		{FF926CB9-0439-4DC4-A209-A2AA9AC42538}.Release|x86.ActiveCfg = Release|Win32
		{FF926CB9-0439-4DC4-A209-A2AA9AC42538}.Release|x86.Build.0 = Release|Win32
		{6F4F1A3E-6C19-4BDE-9B4B-DF1B1915996B}.Debug|Any CPU.ActiveCfg = Debug|Win32
		{6F4F1A3E-6C19-4BDE-9B4B-DF1B1915996B}.Debug|x64.ActiveCfg = Debug|x64
		{6F4F1A3E-6C19-4BDE-9B4B-DF1B1915996B}.Debug|x64.Build.0 = Debug|x64
		{6F4F1A3E-6C19-4BDE-9B4B-DF1B1915996B}.Debug|x86.ActiveCfg = Debug|Win32
		{6F4F1A3E-6C19-4BDE-9B4B-DF1B1915996B}.Debug|x86.Build.0 = Debug|Win32
		{6F4F1A3E-6C19-4BDE-9B4B-DF1B1915996B}.Release|Any CPU.ActiveCfg = Release|Win32
		{6F4F1A3E-6C19-4BDE-9B4B-DF1B1915996B}.Release|x64.ActiveCfg = Release|x64
		{6F4F1A3E-6C19-4BDE-9B4B-DF1B1915996B}.Release|x64.Build.0 = Release|x64
		{6F4F1A3E-6C19-4BDE-9B4B-DF1B1915996B}.Release|x86.ActiveCfg = Release|Win32
		{6F4F1A3E-6C19-4BDE-9B4B-DF1B1915996B}.Release|x86.Build.0 = Release|Win32
		{B91444D1-CC3D-4F0A-8C9C-83E73DC4DB2F}.Debug|Any CPU.ActiveCfg = Debug|Win32
		{B91444D1-CC3D-4F0A-8C9C-83E73DC4DB2F}.Debug|x64.ActiveCfg = Debug|x64
		{B91444D1-CC3D-4F0A-8C9C-83E73DC4DB2F}.Debug|x64.Build.0 = Debug|x64
		{B91444D1-CC3D-4F0A-8C9C-83E73DC4DB2F}.Debug|x86.ActiveCfg = Debug|Win32
		{B91444D1-CC3D-4F0A-8C9C-83E73DC4DB2F}.Debug|x86.Build.0 = Debug|Win32
		{B91444D1-CC3D-4F0A-8C9C-83E73DC4DB2F}.Release|Any CPU.ActiveCfg = Release|Win32
		{B91444D1-CC3D-4F0A-8C9C-83E73DC4DB2F}.Release|x64.ActiveCfg = Release|x64
		{B91444D1-CC3D-4F0A-8C9C-83E73DC4DB2F}.Release|x64.Build.0 = Release|x64
		{B91444D1-CC3D-4F0A-8C9C-83E73DC4DB2F}.Release|x86.ActiveCfg = Release|Win32
		{B91444D1-CC3D-4F0A-8C9C-83E73DC4DB2F}.Release|x86.Build.0 = Release|Win32
		{B2D09001-FFDC-4984-AED6-FED7046EAC2E}.Debug|Any CPU.ActiveCfg = Debug|Win32
		{B2D09001-FFDC-4984-AED6-FED7046EAC2E}.Debug|x64.ActiveCfg = Debug|x64
		{B2D09001-FFDC-4984-AED6-FED7046EAC2E}.Debug|x64.Build.0 = Debug|x64
		{B2D09001-FFDC-4984-AED6-FED7046EAC2E}.Debug|x86.ActiveCfg = Debug|Win32
		{B2D09001-FFDC-4984-AED6-FED7046EAC2E}.Debug|x86.Build.0 = Debug|Win32
		{B2D09001-FFDC-4984-AED6-FED7046EAC2E}.Release|Any CPU.ActiveCfg = Release|Win32
		{B2D09001-FFDC-4984-AED6-FED7046EAC2E}.Release|x64.ActiveCfg = Release|x64
		{B2D09001-FFDC-4984-AED6-FED7046EAC2E}.Release|x64.Build.0 = Release|x64
		{B2D09001-FFDC-4984-AED6-FED7046EAC2E}.Release|x86.ActiveCfg = Release|Win32
		{B2D09001-FFDC-4984-AED6-FED7046EAC2E}.Release|x86.Build.0 = Release|Win32
		{8D5D1567-F0F2-4B3F-817B-7F639C6D1A64}.Debug|Any CPU.ActiveCfg = Debug|Win32
		{8D5D1567-F0F2-4B3F-817B-7F639C6D1A64}.Debug|x64.ActiveCfg = Debug|x64
		{8D5D1567-F0F2-4B3F-817B-7F639C6D1A64}.Debug|x64.Build.0 = Debug|x64
		{8D5D1567-F0F2-4B3F-817B-7F639C6D1A64}.Debug|x86.ActiveCfg = Debug|Win32
		{8D5D1567-F0F2-4B3F-817B-7F639C6D1A64}.Debug|x86.Build.0 = Debug|Win32
		{8D5D1567-F0F2-4B3F-817B-7F639C6D1A64}.Release|Any CPU.ActiveCfg = Release|Win32
		{8D5D1567-F0F2-4B3F-817B-7F639C6D1A64}.Release|x64.ActiveCfg = Release|x64
		{8D5D1567-F0F2-4B3F-817B-7F639C6D1A64}.Release|x64.Build.0 = Release|x64
		{8D5D1567-F0F2-4B3F-817B-7F639C6D1A64}.Release|x86.ActiveCfg = Release|Win32
		{8D5D1567-F0F2-4B3F-817B-7F639C6D1A64}.Release|x86.Build.0 = Release|Win32
		{506D3645-46B1-4411-9429-E16F77F176CB}.Debug|Any CPU.ActiveCfg = Debug|Win32
		{506D3645-46B1-4411-9429-E16F77F176CB}.Debug|x64.ActiveCfg = Debug|x64
		{506D3645-46B1-4411-9429-E16F77F176CB}.Debug|x64.Build.0 = Debug|x64
		{506D3645-46B1-4411-9429-E16F77F176CB}.Debug|x86.ActiveCfg = Debug|Win32
		{506D3645-46B1-4411-9429-E16F77F176CB}.Debug|x86.Build.0 = Debug|Win32
		{506D3645-46B1-4411-9429-E16F77F176CB}.Release|Any CPU.ActiveCfg = Release|Win32
		{506D3645-46B1-4411-9429-E16F77F176CB}.Release|x64.ActiveCfg = Release|x64
		{506D3645-46B1-4411-9429-E16F77F176CB}.Release|x64.Build.0 = Release|x64
		{506D3645-46B1-4411-9429-E16F77F176CB}.Release|x86.ActiveCfg = Release|Win32
		{506D3645-46B1-4411-9429-E16F77F176CB}.Release|x86.Build.0 = Release|Win32
		{B24C4017-5FBB-42F4-8974-749E273B684A}.Debug|Any CPU.ActiveCfg = Debug|Win32
		{B24C4017-5FBB-42F4-8974-749E273B684A}.Debug|x64.ActiveCfg = Debug|x64
		{B24C4017-5FBB-42F4-8974-749E273B684A}.Debug|x64.Build.0 = Debug|x64
		{B24C4017-5FBB-42F4-8974-749E273B684A}.Debug|x86.ActiveCfg = Debug|Win32
		{B24C4017-5FBB-42F4-8974-749E273B684A}.Debug|x86.Build.0 = Debug|Win32
		{B24C4017-5FBB-42F4-8974-749E273B684A}.Release|Any CPU.ActiveCfg = Release|Win32
		{B24C4017-5FBB-42F4-8974-749E273B684A}.Release|x64.ActiveCfg = Release|x64
		{B24C4017-5FBB-42F4-8974-749E273B684A}.Release|x64.Build.0 = Release|x64
		{B24C4017-5FBB-42F4-8974-749E273B684A}.Release|x86.ActiveCfg = Release|Win32
		{B24C4017-5FBB-42F4-8974-749E273B684A}.Release|x86.Build.0 = Release|Win32
		{AEC5CA07-4C56-4634-B04A-A37C6EB9B5C1}.Debug|Any CPU.ActiveCfg = Debug|Win32
		{AEC5CA07-4C56-4634-B04A-A37C6EB9B5C1}.Debug|x64.ActiveCfg = Debug|x64
		{AEC5CA07-4C56-4634-B04A-A37C6EB9B5C1}.Debug|x64.Build.0 = Debug|x64
		{AEC5CA07-4C56-4634-B04A-A37C6EB9B5C1}.Debug|x86.ActiveCfg = Debug|Win32
		{AEC5CA07-4C56-4634-B04A-A37C6EB9B5C1}.Debug|x86.Build.0 = Debug|Win32
		{AEC5CA07-4C56-4634-B04A-A37C6EB9B5C1}.Release|Any CPU.ActiveCfg = Release|Win32
		{AEC5CA07-4C56-4634-B04A-A37C6EB9B5C1}.Release|x64.ActiveCfg = Release|x64
		{AEC5CA07-4C56-4634-B04A-A37C6EB9B5C1}.Release|x64.Build.0 = Release|x64
		{AEC5CA07-4C56-4634-B04A-A37C6EB9B5C1}.Release|x86.ActiveCfg = Release|Win32
		{AEC5CA07-4C56-4634-B04A-A37C6EB9B5C1}.Release|x86.Build.0 = Release|Win32
	EndGlobalSection
	GlobalSection(SolutionProperties) = preSolution
		HideSolutionNode = FALSE
	EndGlobalSection
	GlobalSection(ExtensibilityGlobals) = postSolution
		SolutionGuid = {3A6816F5-61F6-42D0-83A0-84E84EE39E86}
	EndGlobalSection
EndGlobal
